
Microsoft Visual Studio Solution File, Format Version 12.00
# Visual Studio Version 16
VisualStudioVersion = 16.0.30717.126
MinimumVisualStudioVersion = 10.0.40219.1
Project("{9A19103F-16F7-4668-BE54-9A1E7A4F7556}") = "R8Calendar", "R8Calendar\R8Calendar.csproj", "{6E5A1FA4-D726-46BA-B3BE-78082D390A10}"
EndProject
Global
	GlobalSection(SolutionConfigurationPlatforms) = preSolution
		Debug|Any CPU = Debug|Any CPU
		Release|Any CPU = Release|Any CPU
	EndGlobalSection
	GlobalSection(ProjectConfigurationPlatforms) = postSolution
		{6E5A1FA4-D726-46BA-B3BE-78082D390A10}.Debug|Any CPU.ActiveCfg = Debug|Any CPU
		{6E5A1FA4-D726-46BA-B3BE-78082D390A10}.Debug|Any CPU.Build.0 = Debug|Any CPU
		{6E5A1FA4-D726-46BA-B3BE-78082D390A10}.Release|Any CPU.ActiveCfg = Release|Any CPU
		{6E5A1FA4-D726-46BA-B3BE-78082D390A10}.Release|Any CPU.Build.0 = Release|Any CPU
	EndGlobalSection
	GlobalSection(SolutionProperties) = preSolution
		HideSolutionNode = FALSE
	EndGlobalSection
	GlobalSection(ExtensibilityGlobals) = postSolution
		SolutionGuid = {10CA1F9A-010B-4540-8AE0-A41B3715A10E}
	EndGlobalSection
EndGlobal
