
Microsoft Visual Studio Solution File, Format Version 12.00
# Visual Studio 15
VisualStudioVersion = 15.0.27703.2035
MinimumVisualStudioVersion = 10.0.40219.1
Project("{FAE04EC0-301F-11D3-BF4B-00C04F79EFBC}") = "R8Calendar", "R8Calendar\R8Calendar.csproj", "{6E5A1FA4-D726-46BA-B3BE-78082D390A10}"
EndProject
Global
	GlobalSection(SolutionConfigurationPlatforms) = preSolution
		Debug|Any CPU = Debug|Any CPU
		Release|Any CPU = Release|Any CPU
	EndGlobalSection
	GlobalSection(ProjectConfigurationPlatforms) = postSolution
		{6E5A1FA4-D726-46BA-B3BE-78082D390A10}.Debug|Any CPU.ActiveCfg = Debug|Any CPU
		{6E5A1FA4-D726-46BA-B3BE-78082D390A10}.Debug|Any CPU.Build.0 = Debug|Any CPU
		{6E5A1FA4-D726-46BA-B3BE-78082D390A10}.Release|Any CPU.ActiveCfg = Release|Any CPU
		{6E5A1FA4-D726-46BA-B3BE-78082D390A10}.Release|Any CPU.Build.0 = Release|Any CPU
	EndGlobalSection
	GlobalSection(SolutionProperties) = preSolution
		HideSolutionNode = FALSE
	EndGlobalSection
	GlobalSection(ExtensibilityGlobals) = postSolution
		SolutionGuid = {10CA1F9A-010B-4540-8AE0-A41B3715A10E}
	EndGlobalSection
EndGlobal
